
Microsoft Visual Studio Solution File, Format Version 12.00
# Visual Studio 15
Project("{FAE04EC0-301F-11D3-BF4B-00C04F79EFBC}") = "RoadArchitect", "RoadArchitect.csproj", "{D123894B-1DB1-F57D-A74C-4F1EE392A562}"
EndProject
Project("{FAE04EC0-301F-11D3-BF4B-00C04F79EFBC}") = "Assembly-CSharp-Editor", "Assembly-CSharp-Editor.csproj", "{AAE5F3FB-8FFB-A48E-F1D9-BE8902CC3E4A}"
EndProject
Project("{FAE04EC0-301F-11D3-BF4B-00C04F79EFBC}") = "Assembly-CSharp", "Assembly-CSharp.csproj", "{472A79E0-E490-ABF7-5B27-5A368A48036B}"
EndProject
Global
	GlobalSection(SolutionConfigurationPlatforms) = preSolution
		Debug|Any CPU = Debug|Any CPU
		Release|Any CPU = Release|Any CPU
	EndGlobalSection
	GlobalSection(ProjectConfigurationPlatforms) = postSolution
		{D123894B-1DB1-F57D-A74C-4F1EE392A562}.Debug|Any CPU.ActiveCfg = Debug|Any CPU
		{D123894B-1DB1-F57D-A74C-4F1EE392A562}.Debug|Any CPU.Build.0 = Debug|Any CPU
		{D123894B-1DB1-F57D-A74C-4F1EE392A562}.Release|Any CPU.ActiveCfg = Release|Any CPU
		{D123894B-1DB1-F57D-A74C-4F1EE392A562}.Release|Any CPU.Build.0 = Release|Any CPU
		{AAE5F3FB-8FFB-A48E-F1D9-BE8902CC3E4A}.Debug|Any CPU.ActiveCfg = Debug|Any CPU
		{AAE5F3FB-8FFB-A48E-F1D9-BE8902CC3E4A}.Debug|Any CPU.Build.0 = Debug|Any CPU
		{AAE5F3FB-8FFB-A48E-F1D9-BE8902CC3E4A}.Release|Any CPU.ActiveCfg = Release|Any CPU
		{AAE5F3FB-8FFB-A48E-F1D9-BE8902CC3E4A}.Release|Any CPU.Build.0 = Release|Any CPU
		{472A79E0-E490-ABF7-5B27-5A368A48036B}.Debug|Any CPU.ActiveCfg = Debug|Any CPU
		{472A79E0-E490-ABF7-5B27-5A368A48036B}.Debug|Any CPU.Build.0 = Debug|Any CPU
		{472A79E0-E490-ABF7-5B27-5A368A48036B}.Release|Any CPU.ActiveCfg = Release|Any CPU
		{472A79E0-E490-ABF7-5B27-5A368A48036B}.Release|Any CPU.Build.0 = Release|Any CPU
	EndGlobalSection
	GlobalSection(SolutionProperties) = preSolution
		HideSolutionNode = FALSE
	EndGlobalSection
EndGlobal
